
Microsoft Visual Studio Solution File, Format Version 12.00
# Visual Studio Version 16
VisualStudioVersion = 16.0.31410.357
MinimumVisualStudioVersion = 10.0.40219.1
Project("{FAE04EC0-301F-11D3-BF4B-00C04F79EFBC}") = "QLPhongTro", "QLPhongTro\QLPhongTro.csproj", "{03EA23F0-8756-4E7F-941B-C9E31A8D9103}"
EndProject
Global
	GlobalSection(SolutionConfigurationPlatforms) = preSolution
		Debug|Any CPU = Debug|Any CPU
		Release|Any CPU = Release|Any CPU
	EndGlobalSection
	GlobalSection(ProjectConfigurationPlatforms) = postSolution
		{03EA23F0-8756-4E7F-941B-C9E31A8D9103}.Debug|Any CPU.ActiveCfg = Debug|Any CPU
		{03EA23F0-8756-4E7F-941B-C9E31A8D9103}.Debug|Any CPU.Build.0 = Debug|Any CPU
		{03EA23F0-8756-4E7F-941B-C9E31A8D9103}.Release|Any CPU.ActiveCfg = Release|Any CPU
		{03EA23F0-8756-4E7F-941B-C9E31A8D9103}.Release|Any CPU.Build.0 = Release|Any CPU
	EndGlobalSection
	GlobalSection(SolutionProperties) = preSolution
		HideSolutionNode = FALSE
	EndGlobalSection
	GlobalSection(ExtensibilityGlobals) = postSolution
		SolutionGuid = {A76EF1F5-44B6-4ED2-BC66-52F3168CD270}
	EndGlobalSection
EndGlobal
